
Microsoft Visual Studio Solution File, Format Version 12.00
# Visual Studio Version 16
VisualStudioVersion = 16.0.30330.147
MinimumVisualStudioVersion = 10.0.40219.1
Project("{888888A0-9F3D-457C-B088-3A5042F75D52}") = "ImageToGroundMarkers", "ImageToGroundMarkers\ImageToGroundMarkers.pyproj", "{285D6CE9-980E-496C-8CE3-698423508354}"
EndProject
Global
	GlobalSection(SolutionConfigurationPlatforms) = preSolution
		Debug|Any CPU = Debug|Any CPU
		Release|Any CPU = Release|Any CPU
	EndGlobalSection
	GlobalSection(ProjectConfigurationPlatforms) = postSolution
		{285D6CE9-980E-496C-8CE3-698423508354}.Debug|Any CPU.ActiveCfg = Debug|Any CPU
		{285D6CE9-980E-496C-8CE3-698423508354}.Release|Any CPU.ActiveCfg = Release|Any CPU
	EndGlobalSection
	GlobalSection(SolutionProperties) = preSolution
		HideSolutionNode = FALSE
	EndGlobalSection
	GlobalSection(ExtensibilityGlobals) = postSolution
		SolutionGuid = {9098107A-9C87-44EB-983D-A4D12B751228}
	EndGlobalSection
EndGlobal
